PODS:
  - Firebase/Auth (6.0.0):
    - Firebase/CoreOnly
    - FirebaseAuth (~> 6.0.0)
  - Firebase/Core (6.0.0):
    - Firebase/CoreOnly
    - FirebaseAnalytics (= 6.0.0)
  - Firebase/CoreOnly (6.0.0):
    - FirebaseCore (= 6.0.0)
  - firebase_auth (0.0.1):
    - Firebase/Auth (~> 6.0)
    - Firebase/Core
    - Flutter
  - firebase_core (0.0.1):
    - Firebase/Core
    - Flutter
  - FirebaseAnalytics (6.0.0):
    - FirebaseCore (~> 6.0)
    - FirebaseInstanceID (~> 4.0)
    - GoogleAppMeasurement (= 6.0.0)
    - GoogleUtilities/AppDelegateSwizzler (~> 6.0)
    - GoogleUtilities/MethodSwizzler (~> 6.0)
    - GoogleUtilities/Network (~> 6.0)
    - "GoogleUtilities/NSData+zlib (~> 6.0)"
    - nanopb (~> 0.3)
  - FirebaseAuth (6.0.0):
    - FirebaseAuthInterop (~> 1.0)
    - FirebaseCore (~> 6.0)
    - GoogleUtilities/AppDelegateSwizzler (~> 6.0)
    - GoogleUtilities/Environment (~> 6.0)
    - GTMSessionFetcher/Core (~> 1.1)
  - FirebaseAuthInterop (1.0.0)
  - FirebaseCore (6.0.0):
    - GoogleUtilities/Environment (~> 6.0)
    - GoogleUtilities/Logger (~> 6.0)
  - FirebaseInstanceID (4.0.0):
    - FirebaseCore (~> 6.0)
    - GoogleUtilities/Environment (~> 6.0)
    - GoogleUtilities/UserDefaults (~> 6.0)
  - Flutter (1.0.0)
  - google_sign_in (0.0.1):
    - Flutter
    - GoogleSignIn (~> 4.0)
  - GoogleAppMeasurement (6.0.0):
    - GoogleUtilities/AppDelegateSwizzler (~> 6.0)
    - GoogleUtilities/MethodSwizzler (~> 6.0)
    - GoogleUtilities/Network (~> 6.0)
    - "GoogleUtilities/NSData+zlib (~> 6.0)"
    - nanopb (~> 0.3)
  - GoogleSignIn (4.4.0):
    - "GoogleToolboxForMac/NSDictionary+URLArguments (~> 2.1)"
    - "GoogleToolboxForMac/NSString+URLArguments (~> 2.1)"
    - GTMSessionFetcher/Core (~> 1.1)
  - GoogleToolboxForMac/DebugUtils (2.2.0):
    - GoogleToolboxForMac/Defines (= 2.2.0)
  - GoogleToolboxForMac/Defines (2.2.0)
  - "GoogleToolboxForMac/NSDictionary+URLArguments (2.2.0)":
    - GoogleToolboxForMac/DebugUtils (= 2.2.0)
    - GoogleToolboxForMac/Defines (= 2.2.0)
    - "GoogleToolboxForMac/NSString+URLArguments (= 2.2.0)"
  - "GoogleToolboxForMac/NSString+URLArguments (2.2.0)"
  - GoogleUtilities/AppDelegateSwizzler (6.1.0):
    - GoogleUtilities/Environment
    - GoogleUtilities/Logger
    - GoogleUtilities/Network
  - GoogleUtilities/Environment (6.1.0)
  - GoogleUtilities/Logger (6.1.0):
    - GoogleUtilities/Environment
  - GoogleUtilities/MethodSwizzler (6.1.0):
    - GoogleUtilities/Logger
  - GoogleUtilities/Network (6.1.0):
    - GoogleUtilities/Logger
    - "GoogleUtilities/NSData+zlib"
    - GoogleUtilities/Reachability
  - "GoogleUtilities/NSData+zlib (6.1.0)"
  - GoogleUtilities/Reachability (6.1.0):
    - GoogleUtilities/Logger
  - GoogleUtilities/UserDefaults (6.1.0):
    - GoogleUtilities/Logger
  - GTMSessionFetcher/Core (1.2.1)
  - nanopb (0.3.901):
    - nanopb/decode (= 0.3.901)
    - nanopb/encode (= 0.3.901)
  - nanopb/decode (0.3.901)
  - nanopb/encode (0.3.901)

DEPENDENCIES:
  - firebase_auth (from `.symlinks/plugins/firebase_auth/ios`)
  - firebase_core (from `.symlinks/plugins/firebase_core/ios`)
  - Flutter (from `.symlinks/flutter/ios`)
  - google_sign_in (from `.symlinks/plugins/google_sign_in/ios`)

SPEC REPOS:
  https://github.com/cocoapods/specs.git:
    - Firebase
    - FirebaseAnalytics
    - FirebaseAuth
    - FirebaseAuthInterop
    - FirebaseCore
    - FirebaseInstanceID
    - GoogleAppMeasurement
    - GoogleSignIn
    - GoogleToolboxForMac
    - GoogleUtilities
    - GTMSessionFetcher
    - nanopb

EXTERNAL SOURCES:
  firebase_auth:
    :path: ".symlinks/plugins/firebase_auth/ios"
  firebase_core:
    :path: ".symlinks/plugins/firebase_core/ios"
  Flutter:
    :path: ".symlinks/flutter/ios"
  google_sign_in:
    :path: ".symlinks/plugins/google_sign_in/ios"

SPEC CHECKSUMS:
  Firebase: fa80b9d987ca014a1ba9357496ef2a0178b28b12
  firebase_auth: b08c4f3eb6dcaa66d71882e8e17db5cc65f00080
  firebase_core: c96aa8b2fcf7f5167d32f22034f502f9304952b8
  FirebaseAnalytics: 1743c5f4de3687d0745709dfdc4b1dea1484f44c
  FirebaseAuth: efc72b0f6fe075d2a6de8d81a6d9de83ef2b47eb
  FirebaseAuthInterop: 0ffa57668be100582bb7643d4fcb7615496c41fc
  FirebaseCore: e38f025287b413255a53acc1945d048a112047f7
  FirebaseInstanceID: 0e0348a3c00a734fa376a070f5ad4533ad975cb5
  Flutter: 9d0fac939486c9aba2809b7982dfdbb47a7b0296
  google_sign_in: cbeb57b96679823d14df6b2240b629b983a42d79
  GoogleAppMeasurement: 7f028ea162b72c8f326daec74afc95d94f7a47d6
  GoogleSignIn: 7ff245e1a7b26d379099d3243a562f5747e23d39
  GoogleToolboxForMac: ff31605b7d66400dcec09bed5861689aebadda4d
  GoogleUtilities: 84df567c76ca84f67b7bb40e769fdd4acc746a10
  GTMSessionFetcher: 32aeca0aa144acea523e1c8e053089dec2cb98ca
  nanopb: 2901f78ea1b7b4015c860c2fdd1ea2fee1a18d48

PODFILE CHECKSUM: 392a695225479ec66ab171f471d944e1b705a3e8

COCOAPODS: 1.5.3
